// !$*UTF8*$!
{
	archiveVersion = 1;
	classes = {
	};
	objectVersion = 50;
	objects = {

/* Begin PBXBuildFile section */
		C68ED7662220F8E300219D46 /* AppDelegate.swift in Sources */ = {isa = PBXBuildFile; fileRef = C68ED7652220F8E300219D46 /* AppDelegate.swift */; };
		C68ED7682220F8E300219D46 /* ViewController.swift in Sources */ = {isa = PBXBuildFile; fileRef = C68ED7672220F8E300219D46 /* ViewController.swift */; };
		C68ED76B2220F8E300219D46 /* Main.storyboard in Resources */ = {isa = PBXBuildFile; fileRef = C68ED7692220F8E300219D46 /* Main.storyboard */; };
		C68ED76D2220F8E400219D46 /* Assets.xcassets in Resources */ = {isa = PBXBuildFile; fileRef = C68ED76C2220F8E400219D46 /* Assets.xcassets */; };
		C68ED7702220F8E400219D46 /* LaunchScreen.storyboard in Resources */ = {isa = PBXBuildFile; fileRef = C68ED76E2220F8E400219D46 /* LaunchScreen.storyboard */; };
		C68ED77B2220F8E400219D46 /* Assignment_PopsicalTests.swift in Sources */ = {isa = PBXBuildFile; fileRef = C68ED77A2220F8E400219D46 /* Assignment_PopsicalTests.swift */; };
/* End PBXBuildFile section */

/* Begin PBXContainerItemProxy section */
		C68ED7772220F8E400219D46 /* PBXContainerItemProxy */ = {
			isa = PBXContainerItemProxy;
			containerPortal = C68ED75A2220F8E300219D46 /* Project object */;
			proxyType = 1;
			remoteGlobalIDString = C68ED7612220F8E300219D46;
			remoteInfo = "Assignment@Popsical";
		};
/* End PBXContainerItemProxy section */

/* Begin PBXFileReference section */
		C68ED7622220F8E300219D46 /* Assignment@Popsical.app */ = {isa = PBXFileReference; explicitFileType = wrapper.application; includeInIndex = 0; path = "Assignment@Popsical.app"; sourceTree = BUILT_PRODUCTS_DIR; };
		C68ED7652220F8E300219D46 /* AppDelegate.swift */ = {isa = PBXFileReference; lastKnownFileType = sourcecode.swift; path = AppDelegate.swift; sourceTree = "<group>"; };
		C68ED7672220F8E300219D46 /* ViewController.swift */ = {isa = PBXFileReference; lastKnownFileType = sourcecode.swift; path = ViewController.swift; sourceTree = "<group>"; };
		C68ED76A2220F8E300219D46 /* Base */ = {isa = PBXFileReference; lastKnownFileType = file.storyboard; name = Base; path = Base.lproj/Main.storyboard; sourceTree = "<group>"; };
		C68ED76C2220F8E400219D46 /* Assets.xcassets */ = {isa = PBXFileReference; lastKnownFileType = folder.assetcatalog; path = Assets.xcassets; sourceTree = "<group>"; };
		C68ED76F2220F8E400219D46 /* Base */ = {isa = PBXFileReference; lastKnownFileType = file.storyboard; name = Base; path = Base.lproj/LaunchScreen.storyboard; sourceTree = "<group>"; };
		C68ED7712220F8E400219D46 /* Info.plist */ = {isa = PBXFileReference; lastKnownFileType = text.plist.xml; path = Info.plist; sourceTree = "<group>"; };
		C68ED7762220F8E400219D46 /* Assignment@PopsicalTests.xctest */ = {isa = PBXFileReference; explicitFileType = wrapper.cfbundle; includeInIndex = 0; path = "Assignment@PopsicalTests.xctest"; sourceTree = BUILT_PRODUCTS_DIR; };
		C68ED77A2220F8E400219D46 /* Assignment_PopsicalTests.swift */ = {isa = PBXFileReference; lastKnownFileType = sourcecode.swift; path = Assignment_PopsicalTests.swift; sourceTree = "<group>"; };
		C68ED77C2220F8E400219D46 /* Info.plist */ = {isa = PBXFileReference; lastKnownFileType = text.plist.xml; path = Info.plist; sourceTree = "<group>"; };
/* End PBXFileReference section */

/* Begin PBXFrameworksBuildPhase section */
		C68ED75F2220F8E300219D46 /* Frameworks */ = {
			isa = PBXFrameworksBuildPhase;
			buildActionMask = 2147483647;
			files = (
			);
			runOnlyForDeploymentPostprocessing = 0;
		};
		C68ED7732220F8E400219D46 /* Frameworks */ = {
			isa = PBXFrameworksBuildPhase;
			buildActionMask = 2147483647;
			files = (
			);
			runOnlyForDeploymentPostprocessing = 0;
		};
/* End PBXFrameworksBuildPhase section */

/* Begin PBXGroup section */
		C68ED7592220F8E300219D46 = {
			isa = PBXGroup;
			children = (
				C68ED7642220F8E300219D46 /* Assignment@Popsical */,
				C68ED7792220F8E400219D46 /* Assignment@PopsicalTests */,
				C68ED7632220F8E300219D46 /* Products */,
			);
			sourceTree = "<group>";
		};
		C68ED7632220F8E300219D46 /* Products */ = {
			isa = PBXGroup;
			children = (
				C68ED7622220F8E300219D46 /* Assignment@Popsical.app */,
				C68ED7762220F8E400219D46 /* Assignment@PopsicalTests.xctest */,
			);
			name = Products;
			sourceTree = "<group>";
		};
		C68ED7642220F8E300219D46 /* Assignment@Popsical */ = {
			isa = PBXGroup;
			children = (
				C68ED7652220F8E300219D46 /* AppDelegate.swift */,
				C68ED7672220F8E300219D46 /* ViewController.swift */,
				C68ED7692220F8E300219D46 /* Main.storyboard */,
				C68ED76C2220F8E400219D46 /* Assets.xcassets */,
				C68ED76E2220F8E400219D46 /* LaunchScreen.storyboard */,
				C68ED7712220F8E400219D46 /* Info.plist */,
			);
			path = "Assignment@Popsical";
			sourceTree = "<group>";
		};
		C68ED7792220F8E400219D46 /* Assignment@PopsicalTests */ = {
			isa = PBXGroup;
			children = (
				C68ED77A2220F8E400219D46 /* Assignment_PopsicalTests.swift */,
				C68ED77C2220F8E400219D46 /* Info.plist */,
			);
			path = "Assignment@PopsicalTests";
			sourceTree = "<group>";
		};
/* End PBXGroup section */

/* Begin PBXNativeTarget section */
		C68ED7612220F8E300219D46 /* Assignment@Popsical */ = {
			isa = PBXNativeTarget;
			buildConfigurationList = C68ED77F2220F8E400219D46 /* Build configuration list for PBXNativeTarget "Assignment@Popsical" */;
			buildPhases = (
				C68ED75E2220F8E300219D46 /* Sources */,
				C68ED75F2220F8E300219D46 /* Frameworks */,
				C68ED7602220F8E300219D46 /* Resources */,
			);
			buildRules = (
			);
			dependencies = (
			);
			name = "Assignment@Popsical";
			productName = "Assignment@Popsical";
			productReference = C68ED7622220F8E300219D46 /* Assignment@Popsical.app */;
			productType = "com.apple.product-type.application";
		};
		C68ED7752220F8E400219D46 /* Assignment@PopsicalTests */ = {
			isa = PBXNativeTarget;
			buildConfigurationList = C68ED7822220F8E400219D46 /* Build configuration list for PBXNativeTarget "Assignment@PopsicalTests" */;
			buildPhases = (
				C68ED7722220F8E400219D46 /* Sources */,
				C68ED7732220F8E400219D46 /* Frameworks */,
				C68ED7742220F8E400219D46 /* Resources */,
			);
			buildRules = (
			);
			dependencies = (
				C68ED7782220F8E400219D46 /* PBXTargetDependency */,
			);
			name = "Assignment@PopsicalTests";
			productName = "Assignment@PopsicalTests";
			productReference = C68ED7762220F8E400219D46 /* Assignment@PopsicalTests.xctest */;
			productType = "com.apple.product-type.bundle.unit-test";
		};
/* End PBXNativeTarget section */

/* Begin PBXProject section */
		C68ED75A2220F8E300219D46 /* Project object */ = {
			isa = PBXProject;
			attributes = {
				LastSwiftUpdateCheck = 1000;
				LastUpgradeCheck = 1000;
				ORGANIZATIONNAME = rbsolutions;
				TargetAttributes = {
					C68ED7612220F8E300219D46 = {
						CreatedOnToolsVersion = 10.0;
					};
					C68ED7752220F8E400219D46 = {
						CreatedOnToolsVersion = 10.0;
						TestTargetID = C68ED7612220F8E300219D46;
					};
				};
			};
			buildConfigurationList = C68ED75D2220F8E300219D46 /* Build configuration list for PBXProject "Assignment@Popsical" */;
			compatibilityVersion = "Xcode 9.3";
			developmentRegion = en;
			hasScannedForEncodings = 0;
			knownRegions = (
				en,
				Base,
			);
			mainGroup = C68ED7592220F8E300219D46;
			productRefGroup = C68ED7632220F8E300219D46 /* Products */;
			projectDirPath = "";
			projectRoot = "";
			targets = (
				C68ED7612220F8E300219D46 /* Assignment@Popsical */,
				C68ED7752220F8E400219D46 /* Assignment@PopsicalTests */,
			);
		};
/* End PBXProject section */

/* Begin PBXResourcesBuildPhase section */
		C68ED7602220F8E300219D46 /* Resources */ = {
			isa = PBXResourcesBuildPhase;
			buildActionMask = 2147483647;
			files = (
				C68ED7702220F8E400219D46 /* LaunchScreen.storyboard in Resources */,
				C68ED76D2220F8E400219D46 /* Assets.xcassets in Resources */,
				C68ED76B2220F8E300219D46 /* Main.storyboard in Resources */,
			);
			runOnlyForDeploymentPostprocessing = 0;
		};
		C68ED7742220F8E400219D46 /* Resources */ = {
			isa = PBXResourcesBuildPhase;
			buildActionMask = 2147483647;
			files = (
			);
			runOnlyForDeploymentPostprocessing = 0;
		};
/* End PBXResourcesBuildPhase section */

/* Begin PBXSourcesBuildPhase section */
		C68ED75E2220F8E300219D46 /* Sources */ = {
			isa = PBXSourcesBuildPhase;
			buildActionMask = 2147483647;
			files = (
				C68ED7682220F8E300219D46 /* ViewController.swift in Sources */,
				C68ED7662220F8E300219D46 /* AppDelegate.swift in Sources */,
			);
			runOnlyForDeploymentPostprocessing = 0;
		};
		C68ED7722220F8E400219D46 /* Sources */ = {
			isa = PBXSourcesBuildPhase;
			buildActionMask = 2147483647;
			files = (
				C68ED77B2220F8E400219D46 /* Assignment_PopsicalTests.swift in Sources */,
			);
			runOnlyForDeploymentPostprocessing = 0;
		};
/* End PBXSourcesBuildPhase section */

/* Begin PBXTargetDependency section */
		C68ED7782220F8E400219D46 /* PBXTargetDependency */ = {
			isa = PBXTargetDependency;
			target = C68ED7612220F8E300219D46 /* Assignment@Popsical */;
			targetProxy = C68ED7772220F8E400219D46 /* PBXContainerItemProxy */;
		};
/* End PBXTargetDependency section */

/* Begin PBXVariantGroup section */
		C68ED7692220F8E300219D46 /* Main.storyboard */ = {
			isa = PBXVariantGroup;
			children = (
				C68ED76A2220F8E300219D46 /* Base */,
			);
			name = Main.storyboard;
			sourceTree = "<group>";
		};
		C68ED76E2220F8E400219D46 /* LaunchScreen.storyboard */ = {
			isa = PBXVariantGroup;
			children = (
				C68ED76F2220F8E400219D46 /* Base */,
			);
			name = LaunchScreen.storyboard;
			sourceTree = "<group>";
		};
/* End PBXVariantGroup section */

/* Begin XCBuildConfiguration section */
		C68ED77D2220F8E400219D46 /* Debug */ = {
			isa = XCBuildConfiguration;
			buildSettings = {
				ALWAYS_SEARCH_USER_PATHS = NO;
				CLANG_ANALYZER_NONNULL = YES;
				CLANG_ANALYZER_NUMBER_OBJECT_CONVERSION = YES_AGGRESSIVE;
				CLANG_CXX_LANGUAGE_STANDARD = "gnu++14";
				CLANG_CXX_LIBRARY = "libc++";
				CLANG_ENABLE_MODULES = YES;
				CLANG_ENABLE_OBJC_ARC = YES;
				CLANG_ENABLE_OBJC_WEAK = YES;
				CLANG_WARN_BLOCK_CAPTURE_AUTORELEASING = YES;
				CLANG_WARN_BOOL_CONVERSION = YES;
				CLANG_WARN_COMMA = YES;
				CLANG_WARN_CONSTANT_CONVERSION = YES;
				CLANG_WARN_DEPRECATED_OBJC_IMPLEMENTATIONS = YES;
				CLANG_WARN_DIRECT_OBJC_ISA_USAGE = YES_ERROR;
				CLANG_WARN_DOCUMENTATION_COMMENTS = YES;
				CLANG_WARN_EMPTY_BODY = YES;
				CLANG_WARN_ENUM_CONVERSION = YES;
				CLANG_WARN_INFINITE_RECURSION = YES;
				CLANG_WARN_INT_CONVERSION = YES;
				CLANG_WARN_NON_LITERAL_NULL_CONVERSION = YES;
				CLANG_WARN_OBJC_IMPLICIT_RETAIN_SELF = YES;
				CLANG_WARN_OBJC_LITERAL_CONVERSION = YES;
				CLANG_WARN_OBJC_ROOT_CLASS = YES_ERROR;
				CLANG_WARN_RANGE_LOOP_ANALYSIS = YES;
				CLANG_WARN_STRICT_PROTOTYPES = YES;
				CLANG_WARN_SUSPICIOUS_MOVE = YES;
				CLANG_WARN_UNGUARDED_AVAILABILITY = YES_AGGRESSIVE;
				CLANG_WARN_UNREACHABLE_CODE = YES;
				CLANG_WARN__DUPLICATE_METHOD_MATCH = YES;
				CODE_SIGN_IDENTITY = "iPhone Developer";
				COPY_PHASE_STRIP = NO;
				DEBUG_INFORMATION_FORMAT = dwarf;
				ENABLE_STRICT_OBJC_MSGSEND = YES;
				ENABLE_TESTABILITY = YES;
				GCC_C_LANGUAGE_STANDARD = gnu11;
				GCC_DYNAMIC_NO_PIC = NO;
				GCC_NO_COMMON_BLOCKS = YES;
				GCC_OPTIMIZATION_LEVEL = 0;
				GCC_PREPROCESSOR_DEFINITIONS = (
					"DEBUG=1",
					"$(inherited)",
				);
				GCC_WARN_64_TO_32_BIT_CONVERSION = YES;
				GCC_WARN_ABOUT_RETURN_TYPE = YES_ERROR;
				GCC_WARN_UNDECLARED_SELECTOR = YES;
				GCC_WARN_UNINITIALIZED_AUTOS = YES_AGGRESSIVE;
				GCC_WARN_UNUSED_FUNCTION = YES;
				GCC_WARN_UNUSED_VARIABLE = YES;
				IPHONEOS_DEPLOYMENT_TARGET = 12.0;
				MTL_ENABLE_DEBUG_INFO = INCLUDE_SOURCE;
				MTL_FAST_MATH = YES;
				ONLY_ACTIVE_ARCH = YES;
				SDKROOT = iphoneos;
				SWIFT_ACTIVE_COMPILATION_CONDITIONS = DEBUG;
				SWIFT_OPTIMIZATION_LEVEL = "-Onone";
			};
			name = Debug;
		};
		C68ED77E2220F8E400219D46 /* Release */ = {
			isa = XCBuildConfiguration;
			buildSettings = {
				ALWAYS_SEARCH_USER_PATHS = NO;
				CLANG_ANALYZER_NONNULL = YES;
				CLANG_ANALYZER_NUMBER_OBJECT_CONVERSION = YES_AGGRESSIVE;
				CLANG_CXX_LANGUAGE_STANDARD = "gnu++14";
				CLANG_CXX_LIBRARY = "libc++";
				CLANG_ENABLE_MODULES = YES;
				CLANG_ENABLE_OBJC_ARC = YES;
				CLANG_ENABLE_OBJC_WEAK = YES;
				CLANG_WARN_BLOCK_CAPTURE_AUTORELEASING = YES;
				CLANG_WARN_BOOL_CONVERSION = YES;
				CLANG_WARN_COMMA = YES;
				CLANG_WARN_CONSTANT_CONVERSION = YES;
				CLANG_WARN_DEPRECATED_OBJC_IMPLEMENTATIONS = YES;
				CLANG_WARN_DIRECT_OBJC_ISA_USAGE = YES_ERROR;
				CLANG_WARN_DOCUMENTATION_COMMENTS = YES;
				CLANG_WARN_EMPTY_BODY = YES;
				CLANG_WARN_ENUM_CONVERSION = YES;
				CLANG_WARN_INFINITE_RECURSION = YES;
				CLANG_WARN_INT_CONVERSION = YES;
				CLANG_WARN_NON_LITERAL_NULL_CONVERSION = YES;
				CLANG_WARN_OBJC_IMPLICIT_RETAIN_SELF = YES;
				CLANG_WARN_OBJC_LITERAL_CONVERSION = YES;
				CLANG_WARN_OBJC_ROOT_CLASS = YES_ERROR;
				CLANG_WARN_RANGE_LOOP_ANALYSIS = YES;
				CLANG_WARN_STRICT_PROTOTYPES = YES;
				CLANG_WARN_SUSPICIOUS_MOVE = YES;
				CLANG_WARN_UNGUARDED_AVAILABILITY = YES_AGGRESSIVE;
				CLANG_WARN_UNREACHABLE_CODE = YES;
				CLANG_WARN__DUPLICATE_METHOD_MATCH = YES;
				CODE_SIGN_IDENTITY = "iPhone Developer";
				COPY_PHASE_STRIP = NO;
				DEBUG_INFORMATION_FORMAT = "dwarf-with-dsym";
				ENABLE_NS_ASSERTIONS = NO;
				ENABLE_STRICT_OBJC_MSGSEND = YES;
				GCC_C_LANGUAGE_STANDARD = gnu11;
				GCC_NO_COMMON_BLOCKS = YES;
				GCC_WARN_64_TO_32_BIT_CONVERSION = YES;
				GCC_WARN_ABOUT_RETURN_TYPE = YES_ERROR;
				GCC_WARN_UNDECLARED_SELECTOR = YES;
				GCC_WARN_UNINITIALIZED_AUTOS = YES_AGGRESSIVE;
				GCC_WARN_UNUSED_FUNCTION = YES;
				GCC_WARN_UNUSED_VARIABLE = YES;
				IPHONEOS_DEPLOYMENT_TARGET = 12.0;
				MTL_ENABLE_DEBUG_INFO = NO;
				MTL_FAST_MATH = YES;
				SDKROOT = iphoneos;
				SWIFT_COMPILATION_MODE = wholemodule;
				SWIFT_OPTIMIZATION_LEVEL = "-O";
				VALIDATE_PRODUCT = YES;
			};
			name = Release;
		};
		C68ED7802220F8E400219D46 /* Debug */ = {
			isa = XCBuildConfiguration;
			buildSettings = {
				ASSETCATALOG_COMPILER_APPICON_NAME = AppIcon;
				CODE_SIGN_STYLE = Automatic;
				DEVELOPMENT_TEAM = 8VPJASHB6G;
				INFOPLIST_FILE = "Assignment@Popsical/Info.plist";
				LD_RUNPATH_SEARCH_PATHS = (
					"$(inherited)",
					"@executable_path/Frameworks",
				);
				PRODUCT_BUNDLE_IDENTIFIER = "com.rbsolutions.Assignment-Popsical";
				PRODUCT_NAME = "$(TARGET_NAME)";
				SWIFT_VERSION = 4.2;
				TARGETED_DEVICE_FAMILY = "1,2";
			};
			name = Debug;
		};
		C68ED7812220F8E400219D46 /* Release */ = {
			isa = XCBuildConfiguration;
			buildSettings = {
				ASSETCATALOG_COMPILER_APPICON_NAME = AppIcon;
				CODE_SIGN_STYLE = Automatic;
				DEVELOPMENT_TEAM = 8VPJASHB6G;
				INFOPLIST_FILE = "Assignment@Popsical/Info.plist";
				LD_RUNPATH_SEARCH_PATHS = (
					"$(inherited)",
					"@executable_path/Frameworks",
				);
				PRODUCT_BUNDLE_IDENTIFIER = "com.rbsolutions.Assignment-Popsical";
				PRODUCT_NAME = "$(TARGET_NAME)";
				SWIFT_VERSION = 4.2;
				TARGETED_DEVICE_FAMILY = "1,2";
			};
			name = Release;
		};
		C68ED7832220F8E400219D46 /* Debug */ = {
			isa = XCBuildConfiguration;
			buildSettings = {
				ALWAYS_EMBED_SWIFT_STANDARD_LIBRARIES = YES;
				BUNDLE_LOADER = "$(TEST_HOST)";
				CODE_SIGN_STYLE = Automatic;
				DEVELOPMENT_TEAM = 8VPJASHB6G;
				INFOPLIST_FILE = "Assignment@PopsicalTests/Info.plist";
				LD_RUNPATH_SEARCH_PATHS = (
					"$(inherited)",
					"@executable_path/Frameworks",
					"@loader_path/Frameworks",
				);
				PRODUCT_BUNDLE_IDENTIFIER = "com.rbsolutions.Assignment-PopsicalTests";
				PRODUCT_NAME = "$(TARGET_NAME)";
				SWIFT_VERSION = 4.2;
				TARGETED_DEVICE_FAMILY = "1,2";
				TEST_HOST = "$(BUILT_PRODUCTS_DIR)/Assignment@Popsical.app/Assignment@Popsical";
			};
			name = Debug;
		};
		C68ED7842220F8E400219D46 /* Release */ = {
			isa = XCBuildConfiguration;
			buildSettings = {
				ALWAYS_EMBED_SWIFT_STANDARD_LIBRARIES = YES;
				BUNDLE_LOADER = "$(TEST_HOST)";
				CODE_SIGN_STYLE = Automatic;
				DEVELOPMENT_TEAM = 8VPJASHB6G;
				INFOPLIST_FILE = "Assignment@PopsicalTests/Info.plist";
				LD_RUNPATH_SEARCH_PATHS = (
					"$(inherited)",
					"@executable_path/Frameworks",
					"@loader_path/Frameworks",
				);
				PRODUCT_BUNDLE_IDENTIFIER = "com.rbsolutions.Assignment-PopsicalTests";
				PRODUCT_NAME = "$(TARGET_NAME)";
				SWIFT_VERSION = 4.2;
				TARGETED_DEVICE_FAMILY = "1,2";
				TEST_HOST = "$(BUILT_PRODUCTS_DIR)/Assignment@Popsical.app/Assignment@Popsical";
			};
			name = Release;
		};
/* End XCBuildConfiguration section */

/* Begin XCConfigurationList section */
		C68ED75D2220F8E300219D46 /* Build configuration list for PBXProject "Assignment@Popsical" */ = {
			isa = XCConfigurationList;
			buildConfigurations = (
				C68ED77D2220F8E400219D46 /* Debug */,
				C68ED77E2220F8E400219D46 /* Release */,
			);
			defaultConfigurationIsVisible = 0;
			defaultConfigurationName = Release;
		};
		C68ED77F2220F8E400219D46 /* Build configuration list for PBXNativeTarget "Assignment@Popsical" */ = {
			isa = XCConfigurationList;
			buildConfigurations = (
				C68ED7802220F8E400219D46 /* Debug */,
				C68ED7812220F8E400219D46 /* Release */,
			);
			defaultConfigurationIsVisible = 0;
			defaultConfigurationName = Release;
		};
		C68ED7822220F8E400219D46 /* Build configuration list for PBXNativeTarget "Assignment@PopsicalTests" */ = {
			isa = XCConfigurationList;
			buildConfigurations = (
				C68ED7832220F8E400219D46 /* Debug */,
				C68ED7842220F8E400219D46 /* Release */,
			);
			defaultConfigurationIsVisible = 0;
			defaultConfigurationName = Release;
		};
/* End XCConfigurationList section */
	};
	rootObject = C68ED75A2220F8E300219D46 /* Project object */;
}
